
Microsoft Visual Studio Solution File, Format Version 12.00
# Visual Studio 15
VisualStudioVersion = 15.0.27428.2015
MinimumVisualStudioVersion = 10.0.40219.1
Project("{8BC9CEB8-8B4A-11D0-8D11-00A0C91BC942}") = "3D Engine - ILA Project", "3D Engine - ILA Project\3D Engine - ILA Project.vcxproj", "{616DEC75-7D6F-4EE0-9E98-D4E6688F58DA}"
EndProject
Global
	GlobalSection(SolutionConfigurationPlatforms) = preSolution
		Debug|x64 = Debug|x64
		Debug|x86 = Debug|x86
		Release|x64 = Release|x64
		Release|x86 = Release|x86
	EndGlobalSection
	GlobalSection(ProjectConfigurationPlatforms) = postSolution
		{616DEC75-7D6F-4EE0-9E98-D4E6688F58DA}.Debug|x64.ActiveCfg = Debug|x64
		{616DEC75-7D6F-4EE0-9E98-D4E6688F58DA}.Debug|x64.Build.0 = Debug|x64
		{616DEC75-7D6F-4EE0-9E98-D4E6688F58DA}.Debug|x86.ActiveCfg = Debug|Win32
		{616DEC75-7D6F-4EE0-9E98-D4E6688F58DA}.Debug|x86.Build.0 = Debug|Win32
		{616DEC75-7D6F-4EE0-9E98-D4E6688F58DA}.Release|x64.ActiveCfg = Release|x64
		{616DEC75-7D6F-4EE0-9E98-D4E6688F58DA}.Release|x64.Build.0 = Release|x64
		{616DEC75-7D6F-4EE0-9E98-D4E6688F58DA}.Release|x86.ActiveCfg = Release|Win32
		{616DEC75-7D6F-4EE0-9E98-D4E6688F58DA}.Release|x86.Build.0 = Release|Win32
	EndGlobalSection
	GlobalSection(SolutionProperties) = preSolution
		HideSolutionNode = FALSE
	EndGlobalSection
	GlobalSection(ExtensibilityGlobals) = postSolution
		SolutionGuid = {35AF96B4-A428-4188-8FCD-CCCCBFF6F6B9}
	EndGlobalSection
EndGlobal
